
Microsoft Visual Studio Solution File, Format Version 12.00
# Visual Studio 15
VisualStudioVersion = 15.0.27428.2015
MinimumVisualStudioVersion = 10.0.40219.1
Project("{F184B08F-C81C-45F6-A57F-5ABD9991F28F}") = "HopeSystemUniversal_HoloSupport", "HopeSystemUniversal_HoloSupport\HopeSystemUniversal_HoloSupport.vbproj", "{9CD9841D-7FF8-49A9-9E69-138419BC01EF}"
EndProject
Project("{FAE04EC0-301F-11D3-BF4B-00C04F79EFBC}") = "MicrosoftSpeechLib", "MicrosoftSpeechLib\MicrosoftSpeechLib.csproj", "{0F44A285-C8BA-41FF-93B9-754502D3CC42}"
EndProject
Project("{FAE04EC0-301F-11D3-BF4B-00C04F79EFBC}") = "HopeAlgorithm", "HopeAlgorithm\HopeAlgorithm.csproj", "{A5464929-3F4F-4384-B533-803DE9AB41B0}"
EndProject
Project("{FAE04EC0-301F-11D3-BF4B-00C04F79EFBC}") = "HopeServices", "WCFServiceWebRole1\HopeServices.csproj", "{159315F1-885A-44D4-8C70-26FC846B8F5F}"
EndProject
Project("{FAE04EC0-301F-11D3-BF4B-00C04F79EFBC}") = "HopeUWP", "HopeUWP\HopeUWP.csproj", "{D5E878F9-51A8-43C6-94A1-2529553A7563}"
EndProject
Project("{2150E333-8FDC-42A3-9474-1A3956D46DE8}") = "Algorithms", "Algorithms", "{4B6F7AD0-099D-40DD-A667-F9F6E1A02A6D}"
EndProject
Global
	GlobalSection(SolutionConfigurationPlatforms) = preSolution
		Debug|Any CPU = Debug|Any CPU
		Debug|ARM = Debug|ARM
		Debug|x64 = Debug|x64
		Debug|x86 = Debug|x86
		Release|Any CPU = Release|Any CPU
		Release|ARM = Release|ARM
		Release|x64 = Release|x64
		Release|x86 = Release|x86
	EndGlobalSection
	GlobalSection(ProjectConfigurationPlatforms) = postSolution
		{9CD9841D-7FF8-49A9-9E69-138419BC01EF}.Debug|Any CPU.ActiveCfg = Debug|x86
		{9CD9841D-7FF8-49A9-9E69-138419BC01EF}.Debug|ARM.ActiveCfg = Debug|ARM
		{9CD9841D-7FF8-49A9-9E69-138419BC01EF}.Debug|ARM.Build.0 = Debug|ARM
		{9CD9841D-7FF8-49A9-9E69-138419BC01EF}.Debug|ARM.Deploy.0 = Debug|ARM
		{9CD9841D-7FF8-49A9-9E69-138419BC01EF}.Debug|x64.ActiveCfg = Debug|x64
		{9CD9841D-7FF8-49A9-9E69-138419BC01EF}.Debug|x64.Build.0 = Debug|x64
		{9CD9841D-7FF8-49A9-9E69-138419BC01EF}.Debug|x64.Deploy.0 = Debug|x64
		{9CD9841D-7FF8-49A9-9E69-138419BC01EF}.Debug|x86.ActiveCfg = Debug|x86
		{9CD9841D-7FF8-49A9-9E69-138419BC01EF}.Debug|x86.Build.0 = Debug|x86
		{9CD9841D-7FF8-49A9-9E69-138419BC01EF}.Debug|x86.Deploy.0 = Debug|x86
		{9CD9841D-7FF8-49A9-9E69-138419BC01EF}.Release|Any CPU.ActiveCfg = Release|x86
		{9CD9841D-7FF8-49A9-9E69-138419BC01EF}.Release|ARM.ActiveCfg = Release|ARM
		{9CD9841D-7FF8-49A9-9E69-138419BC01EF}.Release|ARM.Build.0 = Release|ARM
		{9CD9841D-7FF8-49A9-9E69-138419BC01EF}.Release|ARM.Deploy.0 = Release|ARM
		{9CD9841D-7FF8-49A9-9E69-138419BC01EF}.Release|x64.ActiveCfg = Release|x64
		{9CD9841D-7FF8-49A9-9E69-138419BC01EF}.Release|x64.Build.0 = Release|x64
		{9CD9841D-7FF8-49A9-9E69-138419BC01EF}.Release|x64.Deploy.0 = Release|x64
		{9CD9841D-7FF8-49A9-9E69-138419BC01EF}.Release|x86.ActiveCfg = Release|x86
		{9CD9841D-7FF8-49A9-9E69-138419BC01EF}.Release|x86.Build.0 = Release|x86
		{9CD9841D-7FF8-49A9-9E69-138419BC01EF}.Release|x86.Deploy.0 = Release|x86
		{0F44A285-C8BA-41FF-93B9-754502D3CC42}.Debug|Any CPU.ActiveCfg = Debug|Any CPU
		{0F44A285-C8BA-41FF-93B9-754502D3CC42}.Debug|Any CPU.Build.0 = Debug|Any CPU
		{0F44A285-C8BA-41FF-93B9-754502D3CC42}.Debug|ARM.ActiveCfg = Debug|ARM
		{0F44A285-C8BA-41FF-93B9-754502D3CC42}.Debug|ARM.Build.0 = Debug|ARM
		{0F44A285-C8BA-41FF-93B9-754502D3CC42}.Debug|x64.ActiveCfg = Debug|x64
		{0F44A285-C8BA-41FF-93B9-754502D3CC42}.Debug|x64.Build.0 = Debug|x64
		{0F44A285-C8BA-41FF-93B9-754502D3CC42}.Debug|x86.ActiveCfg = Debug|x86
		{0F44A285-C8BA-41FF-93B9-754502D3CC42}.Debug|x86.Build.0 = Debug|x86
		{0F44A285-C8BA-41FF-93B9-754502D3CC42}.Release|Any CPU.ActiveCfg = Release|Any CPU
		{0F44A285-C8BA-41FF-93B9-754502D3CC42}.Release|Any CPU.Build.0 = Release|Any CPU
		{0F44A285-C8BA-41FF-93B9-754502D3CC42}.Release|ARM.ActiveCfg = Release|ARM
		{0F44A285-C8BA-41FF-93B9-754502D3CC42}.Release|ARM.Build.0 = Release|ARM
		{0F44A285-C8BA-41FF-93B9-754502D3CC42}.Release|x64.ActiveCfg = Release|x64
		{0F44A285-C8BA-41FF-93B9-754502D3CC42}.Release|x64.Build.0 = Release|x64
		{0F44A285-C8BA-41FF-93B9-754502D3CC42}.Release|x86.ActiveCfg = Release|x86
		{0F44A285-C8BA-41FF-93B9-754502D3CC42}.Release|x86.Build.0 = Release|x86
		{A5464929-3F4F-4384-B533-803DE9AB41B0}.Debug|Any CPU.ActiveCfg = Debug|Any CPU
		{A5464929-3F4F-4384-B533-803DE9AB41B0}.Debug|Any CPU.Build.0 = Debug|Any CPU
		{A5464929-3F4F-4384-B533-803DE9AB41B0}.Debug|ARM.ActiveCfg = Debug|ARM
		{A5464929-3F4F-4384-B533-803DE9AB41B0}.Debug|ARM.Build.0 = Debug|ARM
		{A5464929-3F4F-4384-B533-803DE9AB41B0}.Debug|x64.ActiveCfg = Debug|x64
		{A5464929-3F4F-4384-B533-803DE9AB41B0}.Debug|x64.Build.0 = Debug|x64
		{A5464929-3F4F-4384-B533-803DE9AB41B0}.Debug|x86.ActiveCfg = Debug|x86
		{A5464929-3F4F-4384-B533-803DE9AB41B0}.Debug|x86.Build.0 = Debug|x86
		{A5464929-3F4F-4384-B533-803DE9AB41B0}.Release|Any CPU.ActiveCfg = Release|Any CPU
		{A5464929-3F4F-4384-B533-803DE9AB41B0}.Release|Any CPU.Build.0 = Release|Any CPU
		{A5464929-3F4F-4384-B533-803DE9AB41B0}.Release|ARM.ActiveCfg = Release|ARM
		{A5464929-3F4F-4384-B533-803DE9AB41B0}.Release|ARM.Build.0 = Release|ARM
		{A5464929-3F4F-4384-B533-803DE9AB41B0}.Release|x64.ActiveCfg = Release|x64
		{A5464929-3F4F-4384-B533-803DE9AB41B0}.Release|x64.Build.0 = Release|x64
		{A5464929-3F4F-4384-B533-803DE9AB41B0}.Release|x86.ActiveCfg = Release|x86
		{A5464929-3F4F-4384-B533-803DE9AB41B0}.Release|x86.Build.0 = Release|x86
		{159315F1-885A-44D4-8C70-26FC846B8F5F}.Debug|Any CPU.ActiveCfg = Debug|Any CPU
		{159315F1-885A-44D4-8C70-26FC846B8F5F}.Debug|Any CPU.Build.0 = Debug|Any CPU
		{159315F1-885A-44D4-8C70-26FC846B8F5F}.Debug|ARM.ActiveCfg = Debug|Any CPU
		{159315F1-885A-44D4-8C70-26FC846B8F5F}.Debug|ARM.Build.0 = Debug|Any CPU
		{159315F1-885A-44D4-8C70-26FC846B8F5F}.Debug|x64.ActiveCfg = Debug|Any CPU
		{159315F1-885A-44D4-8C70-26FC846B8F5F}.Debug|x64.Build.0 = Debug|Any CPU
		{159315F1-885A-44D4-8C70-26FC846B8F5F}.Debug|x86.ActiveCfg = Debug|Any CPU
		{159315F1-885A-44D4-8C70-26FC846B8F5F}.Debug|x86.Build.0 = Debug|Any CPU
		{159315F1-885A-44D4-8C70-26FC846B8F5F}.Release|Any CPU.ActiveCfg = Release|Any CPU
		{159315F1-885A-44D4-8C70-26FC846B8F5F}.Release|Any CPU.Build.0 = Release|Any CPU
		{159315F1-885A-44D4-8C70-26FC846B8F5F}.Release|ARM.ActiveCfg = Release|Any CPU
		{159315F1-885A-44D4-8C70-26FC846B8F5F}.Release|ARM.Build.0 = Release|Any CPU
		{159315F1-885A-44D4-8C70-26FC846B8F5F}.Release|x64.ActiveCfg = Release|Any CPU
		{159315F1-885A-44D4-8C70-26FC846B8F5F}.Release|x64.Build.0 = Release|Any CPU
		{159315F1-885A-44D4-8C70-26FC846B8F5F}.Release|x86.ActiveCfg = Release|Any CPU
		{159315F1-885A-44D4-8C70-26FC846B8F5F}.Release|x86.Build.0 = Release|Any CPU
		{D5E878F9-51A8-43C6-94A1-2529553A7563}.Debug|Any CPU.ActiveCfg = Debug|x86
		{D5E878F9-51A8-43C6-94A1-2529553A7563}.Debug|ARM.ActiveCfg = Debug|ARM
		{D5E878F9-51A8-43C6-94A1-2529553A7563}.Debug|ARM.Build.0 = Debug|ARM
		{D5E878F9-51A8-43C6-94A1-2529553A7563}.Debug|ARM.Deploy.0 = Debug|ARM
		{D5E878F9-51A8-43C6-94A1-2529553A7563}.Debug|x64.ActiveCfg = Debug|x64
		{D5E878F9-51A8-43C6-94A1-2529553A7563}.Debug|x64.Build.0 = Debug|x64
		{D5E878F9-51A8-43C6-94A1-2529553A7563}.Debug|x64.Deploy.0 = Debug|x64
		{D5E878F9-51A8-43C6-94A1-2529553A7563}.Debug|x86.ActiveCfg = Debug|x86
		{D5E878F9-51A8-43C6-94A1-2529553A7563}.Debug|x86.Build.0 = Debug|x86
		{D5E878F9-51A8-43C6-94A1-2529553A7563}.Debug|x86.Deploy.0 = Debug|x86
		{D5E878F9-51A8-43C6-94A1-2529553A7563}.Release|Any CPU.ActiveCfg = Release|x86
		{D5E878F9-51A8-43C6-94A1-2529553A7563}.Release|ARM.ActiveCfg = Release|ARM
		{D5E878F9-51A8-43C6-94A1-2529553A7563}.Release|ARM.Build.0 = Release|ARM
		{D5E878F9-51A8-43C6-94A1-2529553A7563}.Release|ARM.Deploy.0 = Release|ARM
		{D5E878F9-51A8-43C6-94A1-2529553A7563}.Release|x64.ActiveCfg = Release|x64
		{D5E878F9-51A8-43C6-94A1-2529553A7563}.Release|x64.Build.0 = Release|x64
		{D5E878F9-51A8-43C6-94A1-2529553A7563}.Release|x64.Deploy.0 = Release|x64
		{D5E878F9-51A8-43C6-94A1-2529553A7563}.Release|x86.ActiveCfg = Release|x86
		{D5E878F9-51A8-43C6-94A1-2529553A7563}.Release|x86.Build.0 = Release|x86
		{D5E878F9-51A8-43C6-94A1-2529553A7563}.Release|x86.Deploy.0 = Release|x86
	EndGlobalSection
	GlobalSection(SolutionProperties) = preSolution
		HideSolutionNode = FALSE
	EndGlobalSection
	GlobalSection(NestedProjects) = preSolution
		{0F44A285-C8BA-41FF-93B9-754502D3CC42} = {4B6F7AD0-099D-40DD-A667-F9F6E1A02A6D}
		{A5464929-3F4F-4384-B533-803DE9AB41B0} = {4B6F7AD0-099D-40DD-A667-F9F6E1A02A6D}
	EndGlobalSection
	GlobalSection(ExtensibilityGlobals) = postSolution
		SolutionGuid = {92F66DFE-5531-402D-B323-5434C45E6D2F}
	EndGlobalSection
EndGlobal
